
Microsoft Visual Studio Solution File, Format Version 12.00
# Visual Studio Version 17
VisualStudioVersion = 17.10.34928.147
MinimumVisualStudioVersion = 10.0.40219.1
Project("{FAE04EC0-301F-11D3-BF4B-00C04F79EFBC}") = "RareServer", "RareServer.csproj", "{2A3FDC06-22A1-43D4-B665-83269BBC1C90}"
EndProject
Global
	GlobalSection(SolutionConfigurationPlatforms) = preSolution
		Debug|Any CPU = Debug|Any CPU
		Release|Any CPU = Release|Any CPU
	EndGlobalSection
	GlobalSection(ProjectConfigurationPlatforms) = postSolution
		{2A3FDC06-22A1-43D4-B665-83269BBC1C90}.Debug|Any CPU.ActiveCfg = Debug|Any CPU
		{2A3FDC06-22A1-43D4-B665-83269BBC1C90}.Debug|Any CPU.Build.0 = Debug|Any CPU
		{2A3FDC06-22A1-43D4-B665-83269BBC1C90}.Release|Any CPU.ActiveCfg = Release|Any CPU
		{2A3FDC06-22A1-43D4-B665-83269BBC1C90}.Release|Any CPU.Build.0 = Release|Any CPU
	EndGlobalSection
	GlobalSection(SolutionProperties) = preSolution
		HideSolutionNode = FALSE
	EndGlobalSection
	GlobalSection(ExtensibilityGlobals) = postSolution
		SolutionGuid = {8C8D7123-58C3-40EF-A610-24BFCE472B86}
	EndGlobalSection
EndGlobal
